
Microsoft Visual Studio Solution File, Format Version 12.00
# Visual Studio Version 17
VisualStudioVersion = 17.10.35027.167
MinimumVisualStudioVersion = 10.0.40219.1
Project("{FAE04EC0-301F-11D3-BF4B-00C04F79EFBC}") = "UnderstandingJsonResult", "UnderstandingJsonResult\UnderstandingJsonResult.csproj", "{77DC1D43-B22F-4515-9350-4B069F54B649}"
EndProject
Global
	GlobalSection(SolutionConfigurationPlatforms) = preSolution
		Debug|Any CPU = Debug|Any CPU
		Release|Any CPU = Release|Any CPU
	EndGlobalSection
	GlobalSection(ProjectConfigurationPlatforms) = postSolution
		{77DC1D43-B22F-4515-9350-4B069F54B649}.Debug|Any CPU.ActiveCfg = Debug|Any CPU
		{77DC1D43-B22F-4515-9350-4B069F54B649}.Debug|Any CPU.Build.0 = Debug|Any CPU
		{77DC1D43-B22F-4515-9350-4B069F54B649}.Release|Any CPU.ActiveCfg = Release|Any CPU
		{77DC1D43-B22F-4515-9350-4B069F54B649}.Release|Any CPU.Build.0 = Release|Any CPU
	EndGlobalSection
	GlobalSection(SolutionProperties) = preSolution
		HideSolutionNode = FALSE
	EndGlobalSection
	GlobalSection(ExtensibilityGlobals) = postSolution
		SolutionGuid = {E1E1B206-E1C3-4279-9DDE-1A1A711814E9}
	EndGlobalSection
EndGlobal
